<?xml version="1.0" encoding="utf-8"?>
<Project ToolsVersion="4.0" xmlns="http://schemas.microsoft.com/developer/msbuild/2003">
  <ItemGroup>
    <Filter Include="Source Files">
      <UniqueIdentifier>{4FC737F1-C7A5-4376-A066-2A32D752A2FF}</UniqueIdentifier>
      <Extensions>cpp;c;cc;cxx;def;odl;idl;hpj;bat;asm;asmx</Extensions>
    </Filter>
    <Filter Include="Header Files">
      <UniqueIdentifier>{93995380-89BD-4b04-88EB-625FBE52EBFB}</UniqueIdentifier>
      <Extensions>h;hh;hpp;hxx;hm;inl;inc;xsd</Extensions>
    </Filter>
    <Filter Include="Source Files\Core Files">
      <UniqueIdentifier>{20afaffd-751d-4122-bcbc-7b34c341d1df}</UniqueIdentifier>
    </Filter>
    <Filter Include="Header Files\Libraries">
      <UniqueIdentifier>{db7288c3-ecb6-441c-9d78-b94d08cdde77}</UniqueIdentifier>
    </Filter>
    <Filter Include="Header Files\Class Headers">
      <UniqueIdentifier>{c6b0180a-32df-4b24-89b9-7e842ad85812}</UniqueIdentifier>
    </Filter>
    <Filter Include="Source Files\Class Files">
      <UniqueIdentifier>{bcd005f3-eea3-42ef-b273-4e1d7c42820c}</UniqueIdentifier>
    </Filter>
    <Filter Include="Log Data">
      <UniqueIdentifier>{818bbfa0-7c13-48ab-aba6-0dcfdbd3fc41}</UniqueIdentifier>
    </Filter>
    <Filter Include="Text Files">
      <UniqueIdentifier>{7784836b-e7c8-4ebe-be6c-ffc798b46aa0}</UniqueIdentifier>
    </Filter>
    <Filter Include="Text Files\Shaders">
      <UniqueIdentifier>{ae872e5b-508c-47ce-9952-da8b67c77e79}</UniqueIdentifier>
    </Filter>
    <Filter Include="Text Files\Placement">
      <UniqueIdentifier>{f5f24282-48ea-4aaa-aac8-02a3b46473f6}</UniqueIdentifier>
    </Filter>
    <Filter Include="Header Files\Source Headers">
      <UniqueIdentifier>{8e461d2c-a98e-4946-9b35-fe85ec73a570}</UniqueIdentifier>
    </Filter>
    <Filter Include="Text Files\Placement\Points">
      <UniqueIdentifier>{3dc5e2c6-4f80-4064-b79e-1de5f3953f48}</UniqueIdentifier>
    </Filter>
  </ItemGroup>
  <ItemGroup>
    <ClCompile Include="Main.cpp">
      <Filter>Source Files\Core Files</Filter>
    </ClCompile>
    <ClCompile Include="Hephaestus.cpp">
      <Filter>Source Files\Class Files</Filter>
    </ClCompile>
    <ClCompile Include="Window.cpp">
      <Filter>Source Files\Class Files</Filter>
    </ClCompile>
    <ClCompile Include="Logging.cpp">
      <Filter>Source Files\Class Files</Filter>
    </ClCompile>
    <ClCompile Include="User Input.cpp">
      <Filter>Source Files\Class Files</Filter>
    </ClCompile>
    <ClCompile Include="Audio.cpp">
      <Filter>Source Files\Class Files</Filter>
    </ClCompile>
    <ClCompile Include="Layer.cpp">
      <Filter>Source Files\Class Files</Filter>
    </ClCompile>
    <ClCompile Include="Object.cpp">
      <Filter>Source Files\Class Files</Filter>
    </ClCompile>
    <ClCompile Include="Game.cpp">
      <Filter>Source Files\Class Files</Filter>
    </ClCompile>
  </ItemGroup>
  <ItemGroup>
    <ClInclude Include="Libraries.h">
      <Filter>Header Files\Libraries</Filter>
    </ClInclude>
    <ClInclude Include="Classes.h">
      <Filter>Header Files\Libraries</Filter>
    </ClInclude>
    <ClInclude Include="Hephaestus.h">
      <Filter>Header Files\Class Headers</Filter>
    </ClInclude>
    <ClInclude Include="Window.h">
      <Filter>Header Files\Class Headers</Filter>
    </ClInclude>
    <ClInclude Include="Logging.h">
      <Filter>Header Files\Class Headers</Filter>
    </ClInclude>
    <ClInclude Include="User Input.h">
      <Filter>Header Files\Class Headers</Filter>
    </ClInclude>
    <ClInclude Include="Audio.h">
      <Filter>Header Files\Class Headers</Filter>
    </ClInclude>
    <ClInclude Include="Layer.h">
      <Filter>Header Files\Class Headers</Filter>
    </ClInclude>
    <ClInclude Include="Object.h">
      <Filter>Header Files\Class Headers</Filter>
    </ClInclude>
    <ClInclude Include="Game.h">
      <Filter>Header Files\Source Headers</Filter>
    </ClInclude>
  </ItemGroup>
  <ItemGroup>
    <Text Include="Log_File.Log">
      <Filter>Log Data</Filter>
    </Text>
    <Text Include="Resolutions.txt">
      <Filter>Text Files</Filter>
    </Text>
    <Text Include="Window Settings.txt">
      <Filter>Text Files</Filter>
    </Text>
    <Text Include="Colored Fragment Shader.txt">
      <Filter>Text Files\Shaders</Filter>
    </Text>
    <Text Include="Colored Vertex Shader.txt">
      <Filter>Text Files\Shaders</Filter>
    </Text>
    <Text Include="Textured Fragment Shader.txt">
      <Filter>Text Files\Shaders</Filter>
    </Text>
    <Text Include="Textured Vertex Shader.txt">
      <Filter>Text Files\Shaders</Filter>
    </Text>
  </ItemGroup>
  <ItemGroup>
    <None Include="DEV.data">
      <Filter>Text Files</Filter>
    </None>
    <None Include="1.Shape">
      <Filter>Text Files\Placement</Filter>
    </None>
    <None Include="2.Shape">
      <Filter>Text Files\Placement</Filter>
    </None>
    <None Include="3.Shape">
      <Filter>Text Files\Placement</Filter>
    </None>
    <None Include="4.Shape">
      <Filter>Text Files\Placement</Filter>
    </None>
    <None Include="5.Shape">
      <Filter>Text Files\Placement</Filter>
    </None>
    <None Include="6.Shape">
      <Filter>Text Files\Placement</Filter>
    </None>
    <None Include="7.Shape">
      <Filter>Text Files\Placement</Filter>
    </None>
    <None Include="1.Points">
      <Filter>Text Files\Placement\Points</Filter>
    </None>
    <None Include="2.Points">
      <Filter>Text Files\Placement\Points</Filter>
    </None>
    <None Include="3.Points">
      <Filter>Text Files\Placement\Points</Filter>
    </None>
    <None Include="4.Points">
      <Filter>Text Files\Placement\Points</Filter>
    </None>
    <None Include="5.Points">
      <Filter>Text Files\Placement\Points</Filter>
    </None>
    <None Include="6.Points">
      <Filter>Text Files\Placement\Points</Filter>
    </None>
    <None Include="7.Points">
      <Filter>Text Files\Placement\Points</Filter>
    </None>
    <None Include="HighScores.Scores">
      <Filter>Text Files</Filter>
    </None>
  </ItemGroup>
</Project>